
Microsoft Visual Studio Solution File, Format Version 12.00
# Visual Studio 14
VisualStudioVersion = 14.0.25420.1
MinimumVisualStudioVersion = 10.0.40219.1
Project("{FAE04EC0-301F-11D3-BF4B-00C04F79EFBC}") = "BilNedarvning", "BilNedarvning\BilNedarvning.csproj", "{CE7DB288-393D-4426-9E6B-B92A30DC0FEA}"
EndProject
Project("{F088123C-0E9E-452A-89E6-6BA2F21D5CAC}") = "Diagrammer", "Diagrammer\Diagrammer.modelproj", "{35DB733A-9D4D-471E-9F21-0973FE1A3A79}"
EndProject
Global
	GlobalSection(SolutionConfigurationPlatforms) = preSolution
		Debug|Any CPU = Debug|Any CPU
		Release|Any CPU = Release|Any CPU
	EndGlobalSection
	GlobalSection(ProjectConfigurationPlatforms) = postSolution
		{CE7DB288-393D-4426-9E6B-B92A30DC0FEA}.Debug|Any CPU.ActiveCfg = Debug|Any CPU
		{CE7DB288-393D-4426-9E6B-B92A30DC0FEA}.Debug|Any CPU.Build.0 = Debug|Any CPU
		{CE7DB288-393D-4426-9E6B-B92A30DC0FEA}.Release|Any CPU.ActiveCfg = Release|Any CPU
		{CE7DB288-393D-4426-9E6B-B92A30DC0FEA}.Release|Any CPU.Build.0 = Release|Any CPU
		{35DB733A-9D4D-471E-9F21-0973FE1A3A79}.Debug|Any CPU.ActiveCfg = Debug|Any CPU
		{35DB733A-9D4D-471E-9F21-0973FE1A3A79}.Debug|Any CPU.Build.0 = Debug|Any CPU
		{35DB733A-9D4D-471E-9F21-0973FE1A3A79}.Release|Any CPU.ActiveCfg = Release|Any CPU
		{35DB733A-9D4D-471E-9F21-0973FE1A3A79}.Release|Any CPU.Build.0 = Release|Any CPU
	EndGlobalSection
	GlobalSection(SolutionProperties) = preSolution
		HideSolutionNode = FALSE
	EndGlobalSection
EndGlobal
